
Microsoft Visual Studio Solution File, Format Version 12.00
# Visual Studio Version 17
VisualStudioVersion = 17.5.33516.290
MinimumVisualStudioVersion = 10.0.40219.1
Project("{FAE04EC0-301F-11D3-BF4B-00C04F79EFBC}") = "HOMEWORK 2", "HOMEWORK 2\HOMEWORK 2.csproj", "{B97FC636-5393-4F72-9FE2-96CEC21602B2}"
EndProject
Global
	GlobalSection(SolutionConfigurationPlatforms) = preSolution
		Debug|Any CPU = Debug|Any CPU
		Release|Any CPU = Release|Any CPU
	EndGlobalSection
	GlobalSection(ProjectConfigurationPlatforms) = postSolution
		{B97FC636-5393-4F72-9FE2-96CEC21602B2}.Debug|Any CPU.ActiveCfg = Debug|Any CPU
		{B97FC636-5393-4F72-9FE2-96CEC21602B2}.Debug|Any CPU.Build.0 = Debug|Any CPU
		{B97FC636-5393-4F72-9FE2-96CEC21602B2}.Release|Any CPU.ActiveCfg = Release|Any CPU
		{B97FC636-5393-4F72-9FE2-96CEC21602B2}.Release|Any CPU.Build.0 = Release|Any CPU
	EndGlobalSection
	GlobalSection(SolutionProperties) = preSolution
		HideSolutionNode = FALSE
	EndGlobalSection
	GlobalSection(ExtensibilityGlobals) = postSolution
		SolutionGuid = {B4DC1C1B-1014-466C-A2B1-5B484BC5FD10}
	EndGlobalSection
EndGlobal
