
Microsoft Visual Studio Solution File, Format Version 12.00
# Visual Studio Version 17
VisualStudioVersion = 17.5.33516.290
MinimumVisualStudioVersion = 10.0.40219.1
Project("{FAE04EC0-301F-11D3-BF4B-00C04F79EFBC}") = "HOMEWORK 1", "HOMEWORK 1\HOMEWORK 1.csproj", "{6DFE8575-B26D-4BA3-804F-4D80F1589A0D}"
EndProject
Global
	GlobalSection(SolutionConfigurationPlatforms) = preSolution
		Debug|Any CPU = Debug|Any CPU
		Release|Any CPU = Release|Any CPU
	EndGlobalSection
	GlobalSection(ProjectConfigurationPlatforms) = postSolution
		{6DFE8575-B26D-4BA3-804F-4D80F1589A0D}.Debug|Any CPU.ActiveCfg = Debug|Any CPU
		{6DFE8575-B26D-4BA3-804F-4D80F1589A0D}.Debug|Any CPU.Build.0 = Debug|Any CPU
		{6DFE8575-B26D-4BA3-804F-4D80F1589A0D}.Release|Any CPU.ActiveCfg = Release|Any CPU
		{6DFE8575-B26D-4BA3-804F-4D80F1589A0D}.Release|Any CPU.Build.0 = Release|Any CPU
	EndGlobalSection
	GlobalSection(SolutionProperties) = preSolution
		HideSolutionNode = FALSE
	EndGlobalSection
	GlobalSection(ExtensibilityGlobals) = postSolution
		SolutionGuid = {67952C56-8C41-4000-8609-E0B80EBB7C61}
	EndGlobalSection
EndGlobal
